
Microsoft Visual Studio Solution File, Format Version 12.00
# Visual Studio Version 17
VisualStudioVersion = 17.3.32901.215
MinimumVisualStudioVersion = 10.0.40219.1
Project("{54A90642-561A-4BB1-A94E-469ADEE60C69}") = "HealthCheck", "HealthCheck\HealthCheck.esproj", "{1457B18B-0AA7-4BB6-80D3-2BF03F7289EC}"
EndProject
Global
	GlobalSection(SolutionConfigurationPlatforms) = preSolution
		Debug|Any CPU = Debug|Any CPU
		Release|Any CPU = Release|Any CPU
	EndGlobalSection
	GlobalSection(ProjectConfigurationPlatforms) = postSolution
		{1457B18B-0AA7-4BB6-80D3-2BF03F7289EC}.Debug|Any CPU.ActiveCfg = Debug|Any CPU
		{1457B18B-0AA7-4BB6-80D3-2BF03F7289EC}.Debug|Any CPU.Build.0 = Debug|Any CPU
		{1457B18B-0AA7-4BB6-80D3-2BF03F7289EC}.Debug|Any CPU.Deploy.0 = Debug|Any CPU
		{1457B18B-0AA7-4BB6-80D3-2BF03F7289EC}.Release|Any CPU.ActiveCfg = Release|Any CPU
		{1457B18B-0AA7-4BB6-80D3-2BF03F7289EC}.Release|Any CPU.Build.0 = Release|Any CPU
		{1457B18B-0AA7-4BB6-80D3-2BF03F7289EC}.Release|Any CPU.Deploy.0 = Release|Any CPU
	EndGlobalSection
	GlobalSection(SolutionProperties) = preSolution
		HideSolutionNode = FALSE
	EndGlobalSection
	GlobalSection(ExtensibilityGlobals) = postSolution
		SolutionGuid = {A648AC08-029E-4BE1-9B98-DAC2316E8E2A}
	EndGlobalSection
EndGlobal
